
Microsoft Visual Studio Solution File, Format Version 12.00
# Visual Studio Version 17
VisualStudioVersion = 17.4.33213.308
MinimumVisualStudioVersion = 10.0.40219.1
Project("{FAE04EC0-301F-11D3-BF4B-00C04F79EFBC}") = "e-shop", "e-shop.csproj", "{7FB599FE-5E31-426F-8153-BAA3582D06F9}"
EndProject
Global
	GlobalSection(SolutionConfigurationPlatforms) = preSolution
		Debug|Any CPU = Debug|Any CPU
		Release|Any CPU = Release|Any CPU
	EndGlobalSection
	GlobalSection(ProjectConfigurationPlatforms) = postSolution
		{7FB599FE-5E31-426F-8153-BAA3582D06F9}.Debug|Any CPU.ActiveCfg = Debug|Any CPU
		{7FB599FE-5E31-426F-8153-BAA3582D06F9}.Debug|Any CPU.Build.0 = Debug|Any CPU
		{7FB599FE-5E31-426F-8153-BAA3582D06F9}.Release|Any CPU.ActiveCfg = Release|Any CPU
		{7FB599FE-5E31-426F-8153-BAA3582D06F9}.Release|Any CPU.Build.0 = Release|Any CPU
	EndGlobalSection
	GlobalSection(SolutionProperties) = preSolution
		HideSolutionNode = FALSE
	EndGlobalSection
	GlobalSection(ExtensibilityGlobals) = postSolution
		SolutionGuid = {D4FF325E-5BD1-430D-92E2-5B51CB815600}
	EndGlobalSection
EndGlobal
